
Microsoft Visual Studio Solution File, Format Version 12.00
# Visual Studio Version 17
VisualStudioVersion = 17.9.34902.65
MinimumVisualStudioVersion = 10.0.40219.1
Project("{FAE04EC0-301F-11D3-BF4B-00C04F79EFBC}") = "OxygenEngine.Core", "OxygenEngine\OxygenEngine.Core.csproj", "{B40DC979-3656-48D0-920B-D2C493351623}"
EndProject
Project("{FAE04EC0-301F-11D3-BF4B-00C04F79EFBC}") = "OxygenEngine.Shaders", "OxygenEngine.Shaders\OxygenEngine.Shaders.csproj", "{37B89710-6ADB-4CBE-ACFD-6CD63C4CEE1A}"
EndProject
Project("{FAE04EC0-301F-11D3-BF4B-00C04F79EFBC}") = "OxygenEngine.Database", "OxygenEngine.Database\OxygenEngine.Database.csproj", "{6361366D-9BF2-45C2-AA6A-A115BE410CE0}"
EndProject
Project("{FAE04EC0-301F-11D3-BF4B-00C04F79EFBC}") = "OxygenEngine.Common", "OxygenEngine.Common\OxygenEngine.Common.csproj", "{F305C4E8-554A-4C3A-A028-C0790BE390C7}"
EndProject
Project("{FAE04EC0-301F-11D3-BF4B-00C04F79EFBC}") = "OxygenEngine.Runtime", "OxygenEngine.Runtime\OxygenEngine.Runtime.csproj", "{67E9C521-8107-4C17-99D0-A57E029B62A0}"
EndProject
Global
	GlobalSection(SolutionConfigurationPlatforms) = preSolution
		Debug|Any CPU = Debug|Any CPU
		Release|Any CPU = Release|Any CPU
	EndGlobalSection
	GlobalSection(ProjectConfigurationPlatforms) = postSolution
		{B40DC979-3656-48D0-920B-D2C493351623}.Debug|Any CPU.ActiveCfg = Debug|Any CPU
		{B40DC979-3656-48D0-920B-D2C493351623}.Debug|Any CPU.Build.0 = Debug|Any CPU
		{B40DC979-3656-48D0-920B-D2C493351623}.Release|Any CPU.ActiveCfg = Release|Any CPU
		{B40DC979-3656-48D0-920B-D2C493351623}.Release|Any CPU.Build.0 = Release|Any CPU
		{37B89710-6ADB-4CBE-ACFD-6CD63C4CEE1A}.Debug|Any CPU.ActiveCfg = Debug|Any CPU
		{37B89710-6ADB-4CBE-ACFD-6CD63C4CEE1A}.Debug|Any CPU.Build.0 = Debug|Any CPU
		{37B89710-6ADB-4CBE-ACFD-6CD63C4CEE1A}.Release|Any CPU.ActiveCfg = Release|Any CPU
		{37B89710-6ADB-4CBE-ACFD-6CD63C4CEE1A}.Release|Any CPU.Build.0 = Release|Any CPU
		{6361366D-9BF2-45C2-AA6A-A115BE410CE0}.Debug|Any CPU.ActiveCfg = Debug|Any CPU
		{6361366D-9BF2-45C2-AA6A-A115BE410CE0}.Debug|Any CPU.Build.0 = Debug|Any CPU
		{6361366D-9BF2-45C2-AA6A-A115BE410CE0}.Release|Any CPU.ActiveCfg = Release|Any CPU
		{6361366D-9BF2-45C2-AA6A-A115BE410CE0}.Release|Any CPU.Build.0 = Release|Any CPU
		{F305C4E8-554A-4C3A-A028-C0790BE390C7}.Debug|Any CPU.ActiveCfg = Debug|Any CPU
		{F305C4E8-554A-4C3A-A028-C0790BE390C7}.Debug|Any CPU.Build.0 = Debug|Any CPU
		{F305C4E8-554A-4C3A-A028-C0790BE390C7}.Release|Any CPU.ActiveCfg = Release|Any CPU
		{F305C4E8-554A-4C3A-A028-C0790BE390C7}.Release|Any CPU.Build.0 = Release|Any CPU
		{67E9C521-8107-4C17-99D0-A57E029B62A0}.Debug|Any CPU.ActiveCfg = Debug|Any CPU
		{67E9C521-8107-4C17-99D0-A57E029B62A0}.Debug|Any CPU.Build.0 = Debug|Any CPU
		{67E9C521-8107-4C17-99D0-A57E029B62A0}.Release|Any CPU.ActiveCfg = Release|Any CPU
		{67E9C521-8107-4C17-99D0-A57E029B62A0}.Release|Any CPU.Build.0 = Release|Any CPU
	EndGlobalSection
	GlobalSection(SolutionProperties) = preSolution
		HideSolutionNode = FALSE
	EndGlobalSection
	GlobalSection(ExtensibilityGlobals) = postSolution
		SolutionGuid = {CE138AAF-DA82-4969-873F-4787A4BCBAF4}
	EndGlobalSection
EndGlobal
